
Microsoft Visual Studio Solution File, Format Version 12.00
# Visual Studio Version 16
VisualStudioVersion = 16.0.29806.167
MinimumVisualStudioVersion = 10.0.40219.1
Project("{FAE04EC0-301F-11D3-BF4B-00C04F79EFBC}") = "journal_Task", "journal_Task\journal_Task.csproj", "{C50B7D99-9FAC-4A4A-BDF0-C853FE45C8F0}"
EndProject
Global
	GlobalSection(SolutionConfigurationPlatforms) = preSolution
		Debug|Any CPU = Debug|Any CPU
		Release|Any CPU = Release|Any CPU
	EndGlobalSection
	GlobalSection(ProjectConfigurationPlatforms) = postSolution
		{C50B7D99-9FAC-4A4A-BDF0-C853FE45C8F0}.Debug|Any CPU.ActiveCfg = Debug|Any CPU
		{C50B7D99-9FAC-4A4A-BDF0-C853FE45C8F0}.Debug|Any CPU.Build.0 = Debug|Any CPU
		{C50B7D99-9FAC-4A4A-BDF0-C853FE45C8F0}.Release|Any CPU.ActiveCfg = Release|Any CPU
		{C50B7D99-9FAC-4A4A-BDF0-C853FE45C8F0}.Release|Any CPU.Build.0 = Release|Any CPU
	EndGlobalSection
	GlobalSection(SolutionProperties) = preSolution
		HideSolutionNode = FALSE
	EndGlobalSection
	GlobalSection(ExtensibilityGlobals) = postSolution
		SolutionGuid = {9C5B74F8-D494-4BBB-95B6-ACE096F1D82D}
	EndGlobalSection
EndGlobal
